PODS:
  - Flutter (1.0.0)
  - mp_audio_stream (0.0.3):
    - Flutter

DEPENDENCIES:
  - Flutter (from `Flutter`)
  - mp_audio_stream (from `.symlinks/plugins/mp_audio_stream/ios`)

EXTERNAL SOURCES:
  Flutter:
    :path: Flutter
  mp_audio_stream:
    :path: ".symlinks/plugins/mp_audio_stream/ios"

SPEC CHECKSUMS:
  Flutter: cabc95a1d2626b1b06e7179b784ebcf0c0cde467
  mp_audio_stream: 3aeeb992433b114917bffc30accf51ce8114aea2

PODFILE CHECKSUM: ec8b70a489dd1f81e53ef185cf7ad30fce8f8d00

COCOAPODS: 1.16.2
